
Microsoft Visual Studio Solution File, Format Version 12.00
# Visual Studio Version 16
VisualStudioVersion = 16.0.30128.74
MinimumVisualStudioVersion = 10.0.40219.1
Project("{9A19103F-16F7-4668-BE54-9A1E7A4F7556}") = "BulkInsert.Cascade.Tests", "BulkInsert.Cascade.Tests\BulkInsert.Cascade.Tests.csproj", "{F05ADE34-B8C9-4233-860A-1F6AF35FEBD3}"
EndProject
Project("{9A19103F-16F7-4668-BE54-9A1E7A4F7556}") = "BulkInsert.Cascade.Samples", "BulkInsert.Cascade.Samples\BulkInsert.Cascade.Samples.csproj", "{C1557237-A9B0-4579-9A62-0EF429AB3085}"
EndProject
Project("{9A19103F-16F7-4668-BE54-9A1E7A4F7556}") = "BulkInsert.Cascade.Shared", "BulkInsert.Cascade.Shared\BulkInsert.Cascade.Shared.csproj", "{1D58AB85-2534-480A-8592-F5AA88AF5DF3}"
EndProject
Project("{9A19103F-16F7-4668-BE54-9A1E7A4F7556}") = "BulkInsert.Cascade", "BulkInsert.Cascade\BulkInsert.Cascade.csproj", "{99B46CB7-8BFD-4F10-AE27-86800FA936E0}"
EndProject
Project("{FAE04EC0-301F-11D3-BF4B-00C04F79EFBC}") = "BulkInsert.Cascade.EfCore", "BulkInsert.Cascade.EfCore\BulkInsert.Cascade.EfCore.csproj", "{7DB5C0FA-279B-44B8-B25E-8889BC8CC4E7}"
EndProject
Global
	GlobalSection(SolutionConfigurationPlatforms) = preSolution
		Debug|Any CPU = Debug|Any CPU
		Release|Any CPU = Release|Any CPU
	EndGlobalSection
	GlobalSection(ProjectConfigurationPlatforms) = postSolution
		{F05ADE34-B8C9-4233-860A-1F6AF35FEBD3}.Debug|Any CPU.ActiveCfg = Debug|Any CPU
		{F05ADE34-B8C9-4233-860A-1F6AF35FEBD3}.Debug|Any CPU.Build.0 = Debug|Any CPU
		{F05ADE34-B8C9-4233-860A-1F6AF35FEBD3}.Release|Any CPU.ActiveCfg = Release|Any CPU
		{F05ADE34-B8C9-4233-860A-1F6AF35FEBD3}.Release|Any CPU.Build.0 = Release|Any CPU
		{C1557237-A9B0-4579-9A62-0EF429AB3085}.Debug|Any CPU.ActiveCfg = Debug|Any CPU
		{C1557237-A9B0-4579-9A62-0EF429AB3085}.Debug|Any CPU.Build.0 = Debug|Any CPU
		{C1557237-A9B0-4579-9A62-0EF429AB3085}.Release|Any CPU.ActiveCfg = Release|Any CPU
		{C1557237-A9B0-4579-9A62-0EF429AB3085}.Release|Any CPU.Build.0 = Release|Any CPU
		{1D58AB85-2534-480A-8592-F5AA88AF5DF3}.Debug|Any CPU.ActiveCfg = Debug|Any CPU
		{1D58AB85-2534-480A-8592-F5AA88AF5DF3}.Debug|Any CPU.Build.0 = Debug|Any CPU
		{1D58AB85-2534-480A-8592-F5AA88AF5DF3}.Release|Any CPU.ActiveCfg = Release|Any CPU
		{1D58AB85-2534-480A-8592-F5AA88AF5DF3}.Release|Any CPU.Build.0 = Release|Any CPU
		{99B46CB7-8BFD-4F10-AE27-86800FA936E0}.Debug|Any CPU.ActiveCfg = Debug|Any CPU
		{99B46CB7-8BFD-4F10-AE27-86800FA936E0}.Debug|Any CPU.Build.0 = Debug|Any CPU
		{99B46CB7-8BFD-4F10-AE27-86800FA936E0}.Release|Any CPU.ActiveCfg = Release|Any CPU
		{99B46CB7-8BFD-4F10-AE27-86800FA936E0}.Release|Any CPU.Build.0 = Release|Any CPU
		{7DB5C0FA-279B-44B8-B25E-8889BC8CC4E7}.Debug|Any CPU.ActiveCfg = Debug|Any CPU
		{7DB5C0FA-279B-44B8-B25E-8889BC8CC4E7}.Debug|Any CPU.Build.0 = Debug|Any CPU
		{7DB5C0FA-279B-44B8-B25E-8889BC8CC4E7}.Release|Any CPU.ActiveCfg = Release|Any CPU
		{7DB5C0FA-279B-44B8-B25E-8889BC8CC4E7}.Release|Any CPU.Build.0 = Release|Any CPU
	EndGlobalSection
	GlobalSection(SolutionProperties) = preSolution
		HideSolutionNode = FALSE
	EndGlobalSection
	GlobalSection(ExtensibilityGlobals) = postSolution
		SolutionGuid = {4B1A16FB-EF2F-4566-85E8-F25548E3F2CD}
	EndGlobalSection
EndGlobal
